
Microsoft Visual Studio Solution File, Format Version 12.00
# Visual Studio 15
VisualStudioVersion = 15.0.28307.852
MinimumVisualStudioVersion = 10.0.40219.1
Project("{FAE04EC0-301F-11D3-BF4B-00C04F79EFBC}") = "WindowsFormsApp1", "WindowsFormsApp1\WindowsFormsApp1.csproj", "{1BFE65B7-DAB7-46BA-856B-7B89E01B3A40}"
EndProject
Global
	GlobalSection(SolutionConfigurationPlatforms) = preSolution
		Debug|Any CPU = Debug|Any CPU
		Release|Any CPU = Release|Any CPU
	EndGlobalSection
	GlobalSection(ProjectConfigurationPlatforms) = postSolution
		{1BFE65B7-DAB7-46BA-856B-7B89E01B3A40}.Debug|Any CPU.ActiveCfg = Debug|Any CPU
		{1BFE65B7-DAB7-46BA-856B-7B89E01B3A40}.Debug|Any CPU.Build.0 = Debug|Any CPU
		{1BFE65B7-DAB7-46BA-856B-7B89E01B3A40}.Release|Any CPU.ActiveCfg = Release|Any CPU
		{1BFE65B7-DAB7-46BA-856B-7B89E01B3A40}.Release|Any CPU.Build.0 = Release|Any CPU
	EndGlobalSection
	GlobalSection(SolutionProperties) = preSolution
		HideSolutionNode = FALSE
	EndGlobalSection
	GlobalSection(ExtensibilityGlobals) = postSolution
		SolutionGuid = {F850D5EE-9C17-4EDE-986D-574308A3A6AD}
	EndGlobalSection
EndGlobal
